
Microsoft Visual Studio Solution File, Format Version 12.00
# Visual Studio Version 17
VisualStudioVersion = 17.14.36915.13 d17.14
MinimumVisualStudioVersion = 10.0.40219.1
Project("{FAE04EC0-301F-11D3-BF4B-00C04F79EFBC}") = "SysInfo", "SysInfo.csproj", "{9AFD0277-74F8-4936-BD22-126A9B3B392C}"
EndProject
Global
	GlobalSection(SolutionConfigurationPlatforms) = preSolution
		Debug|Any CPU = Debug|Any CPU
		Release|Any CPU = Release|Any CPU
	EndGlobalSection
	GlobalSection(ProjectConfigurationPlatforms) = postSolution
		{9AFD0277-74F8-4936-BD22-126A9B3B392C}.Debug|Any CPU.ActiveCfg = Debug|Any CPU
		{9AFD0277-74F8-4936-BD22-126A9B3B392C}.Debug|Any CPU.Build.0 = Debug|Any CPU
		{9AFD0277-74F8-4936-BD22-126A9B3B392C}.Release|Any CPU.ActiveCfg = Release|Any CPU
		{9AFD0277-74F8-4936-BD22-126A9B3B392C}.Release|Any CPU.Build.0 = Release|Any CPU
	EndGlobalSection
	GlobalSection(SolutionProperties) = preSolution
		HideSolutionNode = FALSE
	EndGlobalSection
	GlobalSection(ExtensibilityGlobals) = postSolution
		SolutionGuid = {4A6338B7-4533-443A-8BAF-E7F8241E185E}
	EndGlobalSection
EndGlobal
