
Microsoft Visual Studio Solution File, Format Version 12.00
# Visual Studio Version 17
VisualStudioVersion = 17.13.35825.156 d17.13
MinimumVisualStudioVersion = 10.0.40219.1
Project("{FAE04EC0-301F-11D3-BF4B-00C04F79EFBC}") = "SystemInfo", "SystemInfo.csproj", "{97A9469D-CF38-4CBB-A969-80901BCBCB66}"
EndProject
Global
	GlobalSection(SolutionConfigurationPlatforms) = preSolution
		Debug|Any CPU = Debug|Any CPU
		Release|Any CPU = Release|Any CPU
	EndGlobalSection
	GlobalSection(ProjectConfigurationPlatforms) = postSolution
		{97A9469D-CF38-4CBB-A969-80901BCBCB66}.Debug|Any CPU.ActiveCfg = Debug|Any CPU
		{97A9469D-CF38-4CBB-A969-80901BCBCB66}.Debug|Any CPU.Build.0 = Debug|Any CPU
		{97A9469D-CF38-4CBB-A969-80901BCBCB66}.Release|Any CPU.ActiveCfg = Release|Any CPU
		{97A9469D-CF38-4CBB-A969-80901BCBCB66}.Release|Any CPU.Build.0 = Release|Any CPU
	EndGlobalSection
	GlobalSection(SolutionProperties) = preSolution
		HideSolutionNode = FALSE
	EndGlobalSection
	GlobalSection(ExtensibilityGlobals) = postSolution
		SolutionGuid = {C0A7FB5C-656B-4C63-B722-C4E1FB871B14}
	EndGlobalSection
EndGlobal
